
Microsoft Visual Studio Solution File, Format Version 12.00
# Visual Studio Version 16
VisualStudioVersion = 16.0.30717.126
MinimumVisualStudioVersion = 10.0.40219.1
Project("{9A19103F-16F7-4668-BE54-9A1E7A4F7556}") = "ClientConfiguration", "src\api\ClientConfiguration\ClientConfiguration.csproj", "{0B6ED5A8-BEC1-44E9-8431-9CFABA912995}"
EndProject
Project("{9A19103F-16F7-4668-BE54-9A1E7A4F7556}") = "Domain", "src\api\Domain\Domain.csproj", "{0FEE58FB-06AE-4E15-89C0-20623BB0A1BB}"
EndProject
Project("{9A19103F-16F7-4668-BE54-9A1E7A4F7556}") = "Services", "src\api\Services\Services.csproj", "{6E5AA721-E789-497A-9639-A00D638F0CD8}"
EndProject
Project("{9A19103F-16F7-4668-BE54-9A1E7A4F7556}") = "Tests", "src\api\Tests\Tests.csproj", "{20E1315F-B561-4401-B6F7-041D9E540E68}"
EndProject
Project("{9A19103F-16F7-4668-BE54-9A1E7A4F7556}") = "ClientConfigurationApi.Client", "src\lib\ClientConfigurationApi.Client\ClientConfigurationApi.Client.csproj", "{A3CD35D8-9507-4B08-9D69-E5B128E39AB5}"
EndProject
Global
	GlobalSection(SolutionConfigurationPlatforms) = preSolution
		Debug|Any CPU = Debug|Any CPU
		Release|Any CPU = Release|Any CPU
	EndGlobalSection
	GlobalSection(ProjectConfigurationPlatforms) = postSolution
		{0B6ED5A8-BEC1-44E9-8431-9CFABA912995}.Debug|Any CPU.ActiveCfg = Debug|Any CPU
		{0B6ED5A8-BEC1-44E9-8431-9CFABA912995}.Debug|Any CPU.Build.0 = Debug|Any CPU
		{0B6ED5A8-BEC1-44E9-8431-9CFABA912995}.Release|Any CPU.ActiveCfg = Release|Any CPU
		{0B6ED5A8-BEC1-44E9-8431-9CFABA912995}.Release|Any CPU.Build.0 = Release|Any CPU
		{0FEE58FB-06AE-4E15-89C0-20623BB0A1BB}.Debug|Any CPU.ActiveCfg = Debug|Any CPU
		{0FEE58FB-06AE-4E15-89C0-20623BB0A1BB}.Debug|Any CPU.Build.0 = Debug|Any CPU
		{0FEE58FB-06AE-4E15-89C0-20623BB0A1BB}.Release|Any CPU.ActiveCfg = Release|Any CPU
		{0FEE58FB-06AE-4E15-89C0-20623BB0A1BB}.Release|Any CPU.Build.0 = Release|Any CPU
		{6E5AA721-E789-497A-9639-A00D638F0CD8}.Debug|Any CPU.ActiveCfg = Debug|Any CPU
		{6E5AA721-E789-497A-9639-A00D638F0CD8}.Debug|Any CPU.Build.0 = Debug|Any CPU
		{6E5AA721-E789-497A-9639-A00D638F0CD8}.Release|Any CPU.ActiveCfg = Release|Any CPU
		{6E5AA721-E789-497A-9639-A00D638F0CD8}.Release|Any CPU.Build.0 = Release|Any CPU
		{20E1315F-B561-4401-B6F7-041D9E540E68}.Debug|Any CPU.ActiveCfg = Debug|Any CPU
		{20E1315F-B561-4401-B6F7-041D9E540E68}.Debug|Any CPU.Build.0 = Debug|Any CPU
		{20E1315F-B561-4401-B6F7-041D9E540E68}.Release|Any CPU.ActiveCfg = Release|Any CPU
		{20E1315F-B561-4401-B6F7-041D9E540E68}.Release|Any CPU.Build.0 = Release|Any CPU
		{A3CD35D8-9507-4B08-9D69-E5B128E39AB5}.Debug|Any CPU.ActiveCfg = Debug|Any CPU
		{A3CD35D8-9507-4B08-9D69-E5B128E39AB5}.Debug|Any CPU.Build.0 = Debug|Any CPU
		{A3CD35D8-9507-4B08-9D69-E5B128E39AB5}.Release|Any CPU.ActiveCfg = Release|Any CPU
		{A3CD35D8-9507-4B08-9D69-E5B128E39AB5}.Release|Any CPU.Build.0 = Release|Any CPU
	EndGlobalSection
	GlobalSection(SolutionProperties) = preSolution
		HideSolutionNode = FALSE
	EndGlobalSection
	GlobalSection(ExtensibilityGlobals) = postSolution
		SolutionGuid = {DAC829A9-8327-46B0-8371-41FCE84D32B2}
	EndGlobalSection
EndGlobal
