
Microsoft Visual Studio Solution File, Format Version 12.00
# Visual Studio Version 16
VisualStudioVersion = 16.0.29519.87
MinimumVisualStudioVersion = 10.0.40219.1
Project("{9A19103F-16F7-4668-BE54-9A1E7A4F7556}") = "S2Search.Common.Models", "S2Search.Common.Models\S2Search.Common.Models.csproj", "{D1BB349C-5AE7-4A3A-B389-D9C99A15ED90}"
EndProject
Global
	GlobalSection(SolutionConfigurationPlatforms) = preSolution
		Debug|Any CPU = Debug|Any CPU
		Release|Any CPU = Release|Any CPU
	EndGlobalSection
	GlobalSection(ProjectConfigurationPlatforms) = postSolution
		{D1BB349C-5AE7-4A3A-B389-D9C99A15ED90}.Debug|Any CPU.ActiveCfg = Debug|Any CPU
		{D1BB349C-5AE7-4A3A-B389-D9C99A15ED90}.Debug|Any CPU.Build.0 = Debug|Any CPU
		{D1BB349C-5AE7-4A3A-B389-D9C99A15ED90}.Release|Any CPU.ActiveCfg = Release|Any CPU
		{D1BB349C-5AE7-4A3A-B389-D9C99A15ED90}.Release|Any CPU.Build.0 = Release|Any CPU
	EndGlobalSection
	GlobalSection(SolutionProperties) = preSolution
		HideSolutionNode = FALSE
	EndGlobalSection
	GlobalSection(ExtensibilityGlobals) = postSolution
		SolutionGuid = {D534271D-917A-43EA-847B-836A3386BB22}
	EndGlobalSection
EndGlobal
