
Microsoft Visual Studio Solution File, Format Version 12.00
# Visual Studio Version 16
VisualStudioVersion = 16.0.30413.136
MinimumVisualStudioVersion = 10.0.40219.1
Project("{9A19103F-16F7-4668-BE54-9A1E7A4F7556}") = "CustomerResource", "src\api\CustomerResource\CustomerResource.csproj", "{3E0A6085-ABAC-4702-9268-82ED4DBEF65A}"
EndProject
Project("{9A19103F-16F7-4668-BE54-9A1E7A4F7556}") = "Domain", "src\api\Domain\Domain.csproj", "{8F3B0CE9-CE23-4C96-8512-D4D1229BBAC3}"
EndProject
Project("{9A19103F-16F7-4668-BE54-9A1E7A4F7556}") = "Services", "src\api\Services\Services.csproj", "{79396148-B0E4-482F-98D9-66F1DDE9D2C7}"
EndProject
Project("{9A19103F-16F7-4668-BE54-9A1E7A4F7556}") = "Tests", "src\api\Tests\Tests.csproj", "{8FF42160-A2ED-4DBF-A52D-7B6E59C482D0}"
EndProject
Project("{9A19103F-16F7-4668-BE54-9A1E7A4F7556}") = "CustomerResourceApi.Client", "src\lib\CustomerResourceApi.Client\CustomerResourceApi.Client.csproj", "{AC855E46-7F34-4436-AF1C-79D518280D4A}"
EndProject
Global
	GlobalSection(SolutionConfigurationPlatforms) = preSolution
		Debug|Any CPU = Debug|Any CPU
		Release|Any CPU = Release|Any CPU
	EndGlobalSection
	GlobalSection(ProjectConfigurationPlatforms) = postSolution
		{3E0A6085-ABAC-4702-9268-82ED4DBEF65A}.Debug|Any CPU.ActiveCfg = Debug|Any CPU
		{3E0A6085-ABAC-4702-9268-82ED4DBEF65A}.Debug|Any CPU.Build.0 = Debug|Any CPU
		{3E0A6085-ABAC-4702-9268-82ED4DBEF65A}.Release|Any CPU.ActiveCfg = Release|Any CPU
		{3E0A6085-ABAC-4702-9268-82ED4DBEF65A}.Release|Any CPU.Build.0 = Release|Any CPU
		{8F3B0CE9-CE23-4C96-8512-D4D1229BBAC3}.Debug|Any CPU.ActiveCfg = Debug|Any CPU
		{8F3B0CE9-CE23-4C96-8512-D4D1229BBAC3}.Debug|Any CPU.Build.0 = Debug|Any CPU
		{8F3B0CE9-CE23-4C96-8512-D4D1229BBAC3}.Release|Any CPU.ActiveCfg = Release|Any CPU
		{8F3B0CE9-CE23-4C96-8512-D4D1229BBAC3}.Release|Any CPU.Build.0 = Release|Any CPU
		{79396148-B0E4-482F-98D9-66F1DDE9D2C7}.Debug|Any CPU.ActiveCfg = Debug|Any CPU
		{79396148-B0E4-482F-98D9-66F1DDE9D2C7}.Debug|Any CPU.Build.0 = Debug|Any CPU
		{79396148-B0E4-482F-98D9-66F1DDE9D2C7}.Release|Any CPU.ActiveCfg = Release|Any CPU
		{79396148-B0E4-482F-98D9-66F1DDE9D2C7}.Release|Any CPU.Build.0 = Release|Any CPU
		{8FF42160-A2ED-4DBF-A52D-7B6E59C482D0}.Debug|Any CPU.ActiveCfg = Debug|Any CPU
		{8FF42160-A2ED-4DBF-A52D-7B6E59C482D0}.Debug|Any CPU.Build.0 = Debug|Any CPU
		{8FF42160-A2ED-4DBF-A52D-7B6E59C482D0}.Release|Any CPU.ActiveCfg = Release|Any CPU
		{8FF42160-A2ED-4DBF-A52D-7B6E59C482D0}.Release|Any CPU.Build.0 = Release|Any CPU
		{AC855E46-7F34-4436-AF1C-79D518280D4A}.Debug|Any CPU.ActiveCfg = Debug|Any CPU
		{AC855E46-7F34-4436-AF1C-79D518280D4A}.Debug|Any CPU.Build.0 = Debug|Any CPU
		{AC855E46-7F34-4436-AF1C-79D518280D4A}.Release|Any CPU.ActiveCfg = Release|Any CPU
		{AC855E46-7F34-4436-AF1C-79D518280D4A}.Release|Any CPU.Build.0 = Release|Any CPU
	EndGlobalSection
	GlobalSection(SolutionProperties) = preSolution
		HideSolutionNode = FALSE
	EndGlobalSection
	GlobalSection(ExtensibilityGlobals) = postSolution
		SolutionGuid = {024CC3B8-F33A-408C-A7CC-EAC69607E360}
	EndGlobalSection
EndGlobal
