
Microsoft Visual Studio Solution File, Format Version 12.00
# Visual Studio Version 17
VisualStudioVersion = 17.0.32014.148
MinimumVisualStudioVersion = 10.0.40219.1
Project("{9A19103F-16F7-4668-BE54-9A1E7A4F7556}") = "Search", "Search\Search.csproj", "{8FE5503E-8BE7-4BF3-812F-286144E9D5F7}"
EndProject
Project("{9A19103F-16F7-4668-BE54-9A1E7A4F7556}") = "Domain", "Domain\Domain.csproj", "{95D46674-C8C8-4C58-A30A-7CE70217C887}"
EndProject
Project("{9A19103F-16F7-4668-BE54-9A1E7A4F7556}") = "Services", "Services\Services.csproj", "{07E6DA1C-FF19-403B-9717-E7A960D04E9D}"
EndProject
Project("{9A19103F-16F7-4668-BE54-9A1E7A4F7556}") = "Tests", "Tests\Tests.csproj", "{E6FCB6A6-E882-4DBD-BC94-282BE62FC1B4}"
EndProject
Project("{9A19103F-16F7-4668-BE54-9A1E7A4F7556}") = "S2Search.Common.Database.Sql.Dapper", "..\..\..\APIs\S2Search.Admin.API\Common\S2Search.Common.Database.Sql.Dapper\S2Search.Common.Database.Sql.Dapper\S2Search.Common.Database.Sql.Dapper.csproj", "{188CA974-F7A8-41CE-9EB9-55F92FF6449D}"
EndProject
Project("{9A19103F-16F7-4668-BE54-9A1E7A4F7556}") = "S2Search.Common.Models", "..\..\..\APIs\S2Search.Admin.API\Common\S2Search.Common.Models\S2Search.Common.Models\S2Search.Common.Models.csproj", "{1C10E18E-AC67-409D-B136-D3EDC21C3835}"
EndProject
Project("{9A19103F-16F7-4668-BE54-9A1E7A4F7556}") = "S2Search.Common.Providers", "..\..\..\APIs\S2Search.Admin.API\Common\S2Search.Common.Providers\S2Search.Common.Providers\S2Search.Common.Providers.csproj", "{E535A02C-7569-49C6-AEFD-3A4F65974BCC}"
EndProject
Project("{9A19103F-16F7-4668-BE54-9A1E7A4F7556}") = "S2SearchAPI.Client", "..\..\..\APIs\S2Search.Admin.API\Clients\S2Search.API.Client\S2SearchAPI.Client.csproj", "{46781E28-309D-42F7-88E5-431BE7DFF6AA}"
EndProject
Global
	GlobalSection(SolutionConfigurationPlatforms) = preSolution
		Debug|Any CPU = Debug|Any CPU
		Release|Any CPU = Release|Any CPU
	EndGlobalSection
	GlobalSection(ProjectConfigurationPlatforms) = postSolution
		{8FE5503E-8BE7-4BF3-812F-286144E9D5F7}.Debug|Any CPU.ActiveCfg = Debug|Any CPU
		{8FE5503E-8BE7-4BF3-812F-286144E9D5F7}.Debug|Any CPU.Build.0 = Debug|Any CPU
		{8FE5503E-8BE7-4BF3-812F-286144E9D5F7}.Release|Any CPU.ActiveCfg = Release|Any CPU
		{8FE5503E-8BE7-4BF3-812F-286144E9D5F7}.Release|Any CPU.Build.0 = Release|Any CPU
		{95D46674-C8C8-4C58-A30A-7CE70217C887}.Debug|Any CPU.ActiveCfg = Debug|Any CPU
		{95D46674-C8C8-4C58-A30A-7CE70217C887}.Debug|Any CPU.Build.0 = Debug|Any CPU
		{95D46674-C8C8-4C58-A30A-7CE70217C887}.Release|Any CPU.ActiveCfg = Release|Any CPU
		{95D46674-C8C8-4C58-A30A-7CE70217C887}.Release|Any CPU.Build.0 = Release|Any CPU
		{07E6DA1C-FF19-403B-9717-E7A960D04E9D}.Debug|Any CPU.ActiveCfg = Debug|Any CPU
		{07E6DA1C-FF19-403B-9717-E7A960D04E9D}.Debug|Any CPU.Build.0 = Debug|Any CPU
		{07E6DA1C-FF19-403B-9717-E7A960D04E9D}.Release|Any CPU.ActiveCfg = Release|Any CPU
		{07E6DA1C-FF19-403B-9717-E7A960D04E9D}.Release|Any CPU.Build.0 = Release|Any CPU
		{E6FCB6A6-E882-4DBD-BC94-282BE62FC1B4}.Debug|Any CPU.ActiveCfg = Debug|Any CPU
		{E6FCB6A6-E882-4DBD-BC94-282BE62FC1B4}.Debug|Any CPU.Build.0 = Debug|Any CPU
		{E6FCB6A6-E882-4DBD-BC94-282BE62FC1B4}.Release|Any CPU.ActiveCfg = Release|Any CPU
		{E6FCB6A6-E882-4DBD-BC94-282BE62FC1B4}.Release|Any CPU.Build.0 = Release|Any CPU
		{188CA974-F7A8-41CE-9EB9-55F92FF6449D}.Debug|Any CPU.ActiveCfg = Debug|Any CPU
		{188CA974-F7A8-41CE-9EB9-55F92FF6449D}.Debug|Any CPU.Build.0 = Debug|Any CPU
		{188CA974-F7A8-41CE-9EB9-55F92FF6449D}.Release|Any CPU.ActiveCfg = Release|Any CPU
		{188CA974-F7A8-41CE-9EB9-55F92FF6449D}.Release|Any CPU.Build.0 = Release|Any CPU
		{1C10E18E-AC67-409D-B136-D3EDC21C3835}.Debug|Any CPU.ActiveCfg = Debug|Any CPU
		{1C10E18E-AC67-409D-B136-D3EDC21C3835}.Debug|Any CPU.Build.0 = Debug|Any CPU
		{1C10E18E-AC67-409D-B136-D3EDC21C3835}.Release|Any CPU.ActiveCfg = Release|Any CPU
		{1C10E18E-AC67-409D-B136-D3EDC21C3835}.Release|Any CPU.Build.0 = Release|Any CPU
		{E535A02C-7569-49C6-AEFD-3A4F65974BCC}.Debug|Any CPU.ActiveCfg = Debug|Any CPU
		{E535A02C-7569-49C6-AEFD-3A4F65974BCC}.Debug|Any CPU.Build.0 = Debug|Any CPU
		{E535A02C-7569-49C6-AEFD-3A4F65974BCC}.Release|Any CPU.ActiveCfg = Release|Any CPU
		{E535A02C-7569-49C6-AEFD-3A4F65974BCC}.Release|Any CPU.Build.0 = Release|Any CPU
		{46781E28-309D-42F7-88E5-431BE7DFF6AA}.Debug|Any CPU.ActiveCfg = Debug|Any CPU
		{46781E28-309D-42F7-88E5-431BE7DFF6AA}.Debug|Any CPU.Build.0 = Debug|Any CPU
		{46781E28-309D-42F7-88E5-431BE7DFF6AA}.Release|Any CPU.ActiveCfg = Release|Any CPU
		{46781E28-309D-42F7-88E5-431BE7DFF6AA}.Release|Any CPU.Build.0 = Release|Any CPU
	EndGlobalSection
	GlobalSection(SolutionProperties) = preSolution
		HideSolutionNode = FALSE
	EndGlobalSection
	GlobalSection(ExtensibilityGlobals) = postSolution
		SolutionGuid = {4851019D-0B75-4D44-BE65-94C3A177A50B}
	EndGlobalSection
EndGlobal
