
Microsoft Visual Studio Solution File, Format Version 12.00
# Visual Studio Version 16
VisualStudioVersion = 16.0.29411.108
MinimumVisualStudioVersion = 10.0.40219.1
Project("{9A19103F-16F7-4668-BE54-9A1E7A4F7556}") = "S2.Importer", "S2.Importer.csproj", "{DB343051-AA78-41B1-82D9-14632B719319}"
EndProject
Global
	GlobalSection(SolutionConfigurationPlatforms) = preSolution
		Debug|Any CPU = Debug|Any CPU
		Release|Any CPU = Release|Any CPU
	EndGlobalSection
	GlobalSection(ProjectConfigurationPlatforms) = postSolution
		{DB343051-AA78-41B1-82D9-14632B719319}.Debug|Any CPU.ActiveCfg = Debug|Any CPU
		{DB343051-AA78-41B1-82D9-14632B719319}.Debug|Any CPU.Build.0 = Debug|Any CPU
		{DB343051-AA78-41B1-82D9-14632B719319}.Release|Any CPU.ActiveCfg = Release|Any CPU
		{DB343051-AA78-41B1-82D9-14632B719319}.Release|Any CPU.Build.0 = Release|Any CPU
	EndGlobalSection
	GlobalSection(SolutionProperties) = preSolution
		HideSolutionNode = FALSE
	EndGlobalSection
	GlobalSection(ExtensibilityGlobals) = postSolution
		SolutionGuid = {3759A845-D96F-4B68-A573-7D6814F424F2}
	EndGlobalSection
EndGlobal
