
Microsoft Visual Studio Solution File, Format Version 12.00
# Visual Studio Version 17
VisualStudioVersion = 17.11.35327.3
MinimumVisualStudioVersion = 10.0.40219.1
Project("{9A19103F-16F7-4668-BE54-9A1E7A4F7556}") = "Domain", "Domain\Domain.csproj", "{2F48D22F-CFEF-4D26-AE82-290299C04B61}"
EndProject
Project("{9A19103F-16F7-4668-BE54-9A1E7A4F7556}") = "Services", "Services\Services.csproj", "{F06D3A3B-BB37-4A36-9E07-89834A0FEAF5}"
EndProject
Project("{9A19103F-16F7-4668-BE54-9A1E7A4F7556}") = "S2Search.FeedServices.Function", "S2Search.FeedServices.Function\S2Search.FeedServices.Function.csproj", "{59091541-77E4-4280-B166-74CE5520A8C7}"
EndProject
Global
	GlobalSection(SolutionConfigurationPlatforms) = preSolution
		Debug|Any CPU = Debug|Any CPU
		Release|Any CPU = Release|Any CPU
	EndGlobalSection
	GlobalSection(ProjectConfigurationPlatforms) = postSolution
		{2F48D22F-CFEF-4D26-AE82-290299C04B61}.Debug|Any CPU.ActiveCfg = Debug|Any CPU
		{2F48D22F-CFEF-4D26-AE82-290299C04B61}.Debug|Any CPU.Build.0 = Debug|Any CPU
		{2F48D22F-CFEF-4D26-AE82-290299C04B61}.Release|Any CPU.ActiveCfg = Release|Any CPU
		{2F48D22F-CFEF-4D26-AE82-290299C04B61}.Release|Any CPU.Build.0 = Release|Any CPU
		{F06D3A3B-BB37-4A36-9E07-89834A0FEAF5}.Debug|Any CPU.ActiveCfg = Debug|Any CPU
		{F06D3A3B-BB37-4A36-9E07-89834A0FEAF5}.Debug|Any CPU.Build.0 = Debug|Any CPU
		{F06D3A3B-BB37-4A36-9E07-89834A0FEAF5}.Release|Any CPU.ActiveCfg = Release|Any CPU
		{F06D3A3B-BB37-4A36-9E07-89834A0FEAF5}.Release|Any CPU.Build.0 = Release|Any CPU
		{59091541-77E4-4280-B166-74CE5520A8C7}.Debug|Any CPU.ActiveCfg = Debug|Any CPU
		{59091541-77E4-4280-B166-74CE5520A8C7}.Debug|Any CPU.Build.0 = Debug|Any CPU
		{59091541-77E4-4280-B166-74CE5520A8C7}.Release|Any CPU.ActiveCfg = Release|Any CPU
		{59091541-77E4-4280-B166-74CE5520A8C7}.Release|Any CPU.Build.0 = Release|Any CPU
	EndGlobalSection
	GlobalSection(SolutionProperties) = preSolution
		HideSolutionNode = FALSE
	EndGlobalSection
	GlobalSection(ExtensibilityGlobals) = postSolution
		SolutionGuid = {DA212E32-EB8A-496F-8F81-643F5D9C0915}
	EndGlobalSection
EndGlobal
